// !$*UTF8*$!
{
	archiveVersion = 1;
	classes = {
	};
	objectVersion = 48;
	objects = {

/* Begin PBXBuildFile section */
		054E493322D2D9C00062736D /* AppVersionCompare.swift in Sources */ = {isa = PBXBuildFile; fileRef = 054E493222D2D9C00062736D /* AppVersionCompare.swift */; };
		054E493522D2DD680062736D /* UIApplication+Addition.swift in Sources */ = {isa = PBXBuildFile; fileRef = 054E493422D2DD680062736D /* UIApplication+Addition.swift */; };
		054E493722D2DF4F0062736D /* UIViewController+Addition.swift in Sources */ = {isa = PBXBuildFile; fileRef = 054E493622D2DF4F0062736D /* UIViewController+Addition.swift */; };
		0D048FC42277FCE500852FFA /* Settings.bundle in Resources */ = {isa = PBXBuildFile; fileRef = 0D048FC32277FCE500852FFA /* Settings.bundle */; };
		0D081FC42286DB5D00B74D86 /* ObjectSize.swift in Sources */ = {isa = PBXBuildFile; fileRef = 0D081FC32286DB5D00B74D86 /* ObjectSize.swift */; };
		0D815D0A22617A3C00B6642E /* DescriptionViewController.swift in Sources */ = {isa = PBXBuildFile; fileRef = 0D815D0822617A3C00B6642E /* DescriptionViewController.swift */; };
		0D815D0B22617A3C00B6642E /* DescriptionViewController.xib in Resources */ = {isa = PBXBuildFile; fileRef = 0D815D0922617A3C00B6642E /* DescriptionViewController.xib */; };
		0D815D0F2261E3B100B6642E /* Closebutton.swift in Sources */ = {isa = PBXBuildFile; fileRef = 0D815D0E2261E3B100B6642E /* Closebutton.swift */; };
		0D815D112261E42D00B6642E /* CloseButton.xib in Resources */ = {isa = PBXBuildFile; fileRef = 0D815D102261E42D00B6642E /* CloseButton.xib */; };
		0DCE81A72253BBB1002FAE96 /* SKLabelNode+Addition.swift in Sources */ = {isa = PBXBuildFile; fileRef = 0DCE81A62253BBB1002FAE96 /* SKLabelNode+Addition.swift */; };
		0DCE81AB2254DEA1002FAE96 /* SLComposeViewController+Addition.swift in Sources */ = {isa = PBXBuildFile; fileRef = 0DCE81AA2254DEA1002FAE96 /* SLComposeViewController+Addition.swift */; };
		0DD326B722539E8600FBE6A1 /* SKSpriteNode+Addition.swift in Sources */ = {isa = PBXBuildFile; fileRef = 0DD326B622539E8600FBE6A1 /* SKSpriteNode+Addition.swift */; };
		0DE54C61225F8F2C00006ED4 /* NattoViewController.swift in Sources */ = {isa = PBXBuildFile; fileRef = 0DE54C5F225F8F2C00006ED4 /* NattoViewController.swift */; };
		0DF70CF4223E6930007105D8 /* ResultPresenter.swift in Sources */ = {isa = PBXBuildFile; fileRef = 0DF70CF3223E6930007105D8 /* ResultPresenter.swift */; };
		0DF70CF8223E6D98007105D8 /* ResultModel.swift in Sources */ = {isa = PBXBuildFile; fileRef = 0DF70CF7223E6D98007105D8 /* ResultModel.swift */; };
		0DF70CFC223E7681007105D8 /* PullNattoPresenter.swift in Sources */ = {isa = PBXBuildFile; fileRef = 0DF70CFB223E7681007105D8 /* PullNattoPresenter.swift */; };
		0DF70CFF223E7708007105D8 /* PullNattoModel.swift in Sources */ = {isa = PBXBuildFile; fileRef = 0DF70CFE223E7708007105D8 /* PullNattoModel.swift */; };
		0DF70D3C22426268007105D8 /* MixScene.swift in Sources */ = {isa = PBXBuildFile; fileRef = 0DF70D3B22426268007105D8 /* MixScene.swift */; };
		0DFD696A2276F2BB000DBD93 /* SKScene+Addition.swift in Sources */ = {isa = PBXBuildFile; fileRef = 0DFD69692276F2BB000DBD93 /* SKScene+Addition.swift */; };
		0DFEF9C122623BF50061167A /* ObjectPosition.swift in Sources */ = {isa = PBXBuildFile; fileRef = 0DFEF9C022623BF50061167A /* ObjectPosition.swift */; };
		0DFEF9CB226362090061167A /* Constant.swift in Sources */ = {isa = PBXBuildFile; fileRef = 0DFEF9CA226362090061167A /* Constant.swift */; };
		0DFEF9E322675BF60061167A /* nattoUITests.swift in Sources */ = {isa = PBXBuildFile; fileRef = 0DFEF9E222675BF60061167A /* nattoUITests.swift */; };
		0DFEF9F122675CF50061167A /* nattoTests.swift in Sources */ = {isa = PBXBuildFile; fileRef = 0DFEF9F022675CF50061167A /* nattoTests.swift */; };
		4343CEA420537F21002CA3BC /* natto_bgm_game.wav in Resources */ = {isa = PBXBuildFile; fileRef = 4343CEA320537F20002CA3BC /* natto_bgm_game.wav */; };
		4343CEA62053804C002CA3BC /* voice_5.wav in Resources */ = {isa = PBXBuildFile; fileRef = 4343CEA52053804C002CA3BC /* voice_5.wav */; };
		4343CEA9205381DE002CA3BC /* Social.framework in Frameworks */ = {isa = PBXBuildFile; fileRef = 4343CEA8205381DE002CA3BC /* Social.framework */; };
		4343CEAD205386F3002CA3BC /* natto_bgm_score.wav in Resources */ = {isa = PBXBuildFile; fileRef = 4343CEAC205386F3002CA3BC /* natto_bgm_score.wav */; };
		4343CEB12053AB86002CA3BC /* paku.wav in Resources */ = {isa = PBXBuildFile; fileRef = 4343CEB02053AB86002CA3BC /* paku.wav */; };
		43704C912052E1D900F87562 /* PullNattoScene.swift in Sources */ = {isa = PBXBuildFile; fileRef = 43704C902052E1D900F87562 /* PullNattoScene.swift */; };
		43704C95205304BF00F87562 /* mame.mp3 in Resources */ = {isa = PBXBuildFile; fileRef = 43704C94205304BF00F87562 /* mame.mp3 */; };
		439948A4205315480028E85F /* ResultScene.swift in Sources */ = {isa = PBXBuildFile; fileRef = 439948A3205315480028E85F /* ResultScene.swift */; };
		43D95F202052723B00FE1117 /* AppDelegate.swift in Sources */ = {isa = PBXBuildFile; fileRef = 43D95F1F2052723B00FE1117 /* AppDelegate.swift */; };
		43D95F262052723B00FE1117 /* TitleScene.swift in Sources */ = {isa = PBXBuildFile; fileRef = 43D95F252052723B00FE1117 /* TitleScene.swift */; };
		43D95F2B2052723B00FE1117 /* Main.storyboard in Resources */ = {isa = PBXBuildFile; fileRef = 43D95F292052723B00FE1117 /* Main.storyboard */; };
		43D95F2D2052723B00FE1117 /* Assets.xcassets in Resources */ = {isa = PBXBuildFile; fileRef = 43D95F2C2052723B00FE1117 /* Assets.xcassets */; };
		43D95F302052723B00FE1117 /* LaunchScreen.storyboard in Resources */ = {isa = PBXBuildFile; fileRef = 43D95F2E2052723B00FE1117 /* LaunchScreen.storyboard */; };
		F31970AF223FF9C50045A391 /* MixPresenter.swift in Sources */ = {isa = PBXBuildFile; fileRef = F31970AE223FF9C50045A391 /* MixPresenter.swift */; };
		F31970B1223FFA2A0045A391 /* MixModel.swift in Sources */ = {isa = PBXBuildFile; fileRef = F31970B0223FFA2A0045A391 /* MixModel.swift */; };
		F346A9C42268E6E800A051FC /* SKStoreReviewController+Addition.swift in Sources */ = {isa = PBXBuildFile; fileRef = F346A9C32268E6E800A051FC /* SKStoreReviewController+Addition.swift */; };
		F346A9C8226A3E9D00A051FC /* CGMutablePath+Addition.swift in Sources */ = {isa = PBXBuildFile; fileRef = F346A9C7226A3E9D00A051FC /* CGMutablePath+Addition.swift */; };
		F346A9CA226A403E00A051FC /* SKShapeNode+Addition.swift in Sources */ = {isa = PBXBuildFile; fileRef = F346A9C9226A403E00A051FC /* SKShapeNode+Addition.swift */; };
		F39D9424225A411400FD6401 /* SKPhysicsBody+Addition.swift in Sources */ = {isa = PBXBuildFile; fileRef = F39D9423225A411400FD6401 /* SKPhysicsBody+Addition.swift */; };
		F3C462D8205399CC005725C3 /* voice_5_pitchup.wav in Resources */ = {isa = PBXBuildFile; fileRef = F3C462D7205399CC005725C3 /* voice_5_pitchup.wav */; };
/* End PBXBuildFile section */

/* Begin PBXContainerItemProxy section */
		0DFEF9E522675BF60061167A /* PBXContainerItemProxy */ = {
			isa = PBXContainerItemProxy;
			containerPortal = 43D95F142052723B00FE1117 /* Project object */;
			proxyType = 1;
			remoteGlobalIDString = 43D95F1B2052723B00FE1117;
			remoteInfo = natto;
		};
		0DFEF9F322675CF50061167A /* PBXContainerItemProxy */ = {
			isa = PBXContainerItemProxy;
			containerPortal = 43D95F142052723B00FE1117 /* Project object */;
			proxyType = 1;
			remoteGlobalIDString = 43D95F1B2052723B00FE1117;
			remoteInfo = natto;
		};
/* End PBXContainerItemProxy section */

/* Begin PBXFileReference section */
		054E493222D2D9C00062736D /* AppVersionCompare.swift */ = {isa = PBXFileReference; lastKnownFileType = sourcecode.swift; path = AppVersionCompare.swift; sourceTree = "<group>"; };
		054E493422D2DD680062736D /* UIApplication+Addition.swift */ = {isa = PBXFileReference; lastKnownFileType = sourcecode.swift; path = "UIApplication+Addition.swift"; sourceTree = "<group>"; };
		054E493622D2DF4F0062736D /* UIViewController+Addition.swift */ = {isa = PBXFileReference; lastKnownFileType = sourcecode.swift; path = "UIViewController+Addition.swift"; sourceTree = "<group>"; };
		0D048FC32277FCE500852FFA /* Settings.bundle */ = {isa = PBXFileReference; lastKnownFileType = "wrapper.plug-in"; path = Settings.bundle; sourceTree = "<group>"; };
		0D048FC522780D9300852FFA /* TwitterKit.framework */ = {isa = PBXFileReference; lastKnownFileType = wrapper.framework; name = TwitterKit.framework; path = Carthage/Build/iOS/TwitterKit.framework; sourceTree = "<group>"; };
		0D048FC722780DC400852FFA /* FacebookCore.framework */ = {isa = PBXFileReference; lastKnownFileType = wrapper.framework; name = FacebookCore.framework; path = Carthage/Build/iOS/FacebookCore.framework; sourceTree = "<group>"; };
		0D048FC922780DFA00852FFA /* FacebookLogin.framework */ = {isa = PBXFileReference; lastKnownFileType = wrapper.framework; name = FacebookLogin.framework; path = Carthage/Build/iOS/FacebookLogin.framework; sourceTree = "<group>"; };
		0D048FCB22780E1100852FFA /* FacebookShare.framework */ = {isa = PBXFileReference; lastKnownFileType = wrapper.framework; name = FacebookShare.framework; path = Carthage/Build/iOS/FacebookShare.framework; sourceTree = "<group>"; };
		0D048FCE2278144700852FFA /* Bolts.framework */ = {isa = PBXFileReference; lastKnownFileType = wrapper.framework; name = Bolts.framework; path = Carthage/Build/iOS/Bolts.framework; sourceTree = "<group>"; };
		0D048FD0227814D400852FFA /* FBSDKCoreKit.framework */ = {isa = PBXFileReference; lastKnownFileType = wrapper.framework; name = FBSDKCoreKit.framework; path = Carthage/Build/iOS/FBSDKCoreKit.framework; sourceTree = "<group>"; };
		0D081FC32286DB5D00B74D86 /* ObjectSize.swift */ = {isa = PBXFileReference; lastKnownFileType = sourcecode.swift; path = ObjectSize.swift; sourceTree = "<group>"; };
		0D815D0822617A3C00B6642E /* DescriptionViewController.swift */ = {isa = PBXFileReference; lastKnownFileType = sourcecode.swift; path = DescriptionViewController.swift; sourceTree = "<group>"; };
		0D815D0922617A3C00B6642E /* DescriptionViewController.xib */ = {isa = PBXFileReference; lastKnownFileType = file.xib; path = DescriptionViewController.xib; sourceTree = "<group>"; };
		0D815D0E2261E3B100B6642E /* Closebutton.swift */ = {isa = PBXFileReference; lastKnownFileType = sourcecode.swift; path = Closebutton.swift; sourceTree = "<group>"; };
		0D815D102261E42D00B6642E /* CloseButton.xib */ = {isa = PBXFileReference; lastKnownFileType = file.xib; path = CloseButton.xib; sourceTree = "<group>"; };
		0DCE81A62253BBB1002FAE96 /* SKLabelNode+Addition.swift */ = {isa = PBXFileReference; lastKnownFileType = sourcecode.swift; path = "SKLabelNode+Addition.swift"; sourceTree = "<group>"; };
		0DCE81AA2254DEA1002FAE96 /* SLComposeViewController+Addition.swift */ = {isa = PBXFileReference; lastKnownFileType = sourcecode.swift; path = "SLComposeViewController+Addition.swift"; sourceTree = "<group>"; };
		0DD326B622539E8600FBE6A1 /* SKSpriteNode+Addition.swift */ = {isa = PBXFileReference; lastKnownFileType = sourcecode.swift; path = "SKSpriteNode+Addition.swift"; sourceTree = "<group>"; };
		0DE54C5F225F8F2C00006ED4 /* NattoViewController.swift */ = {isa = PBXFileReference; lastKnownFileType = sourcecode.swift; path = NattoViewController.swift; sourceTree = "<group>"; };
		0DF70CF3223E6930007105D8 /* ResultPresenter.swift */ = {isa = PBXFileReference; lastKnownFileType = sourcecode.swift; path = ResultPresenter.swift; sourceTree = "<group>"; };
		0DF70CF7223E6D98007105D8 /* ResultModel.swift */ = {isa = PBXFileReference; lastKnownFileType = sourcecode.swift; path = ResultModel.swift; sourceTree = "<group>"; };
		0DF70CFB223E7681007105D8 /* PullNattoPresenter.swift */ = {isa = PBXFileReference; lastKnownFileType = sourcecode.swift; path = PullNattoPresenter.swift; sourceTree = "<group>"; };
		0DF70CFE223E7708007105D8 /* PullNattoModel.swift */ = {isa = PBXFileReference; lastKnownFileType = sourcecode.swift; path = PullNattoModel.swift; sourceTree = "<group>"; };
		0DF70D3B22426268007105D8 /* MixScene.swift */ = {isa = PBXFileReference; lastKnownFileType = sourcecode.swift; path = MixScene.swift; sourceTree = "<group>"; };
		0DFD69692276F2BB000DBD93 /* SKScene+Addition.swift */ = {isa = PBXFileReference; lastKnownFileType = sourcecode.swift; path = "SKScene+Addition.swift"; sourceTree = "<group>"; };
		0DFEF9C022623BF50061167A /* ObjectPosition.swift */ = {isa = PBXFileReference; lastKnownFileType = sourcecode.swift; path = ObjectPosition.swift; sourceTree = "<group>"; };
		0DFEF9CA226362090061167A /* Constant.swift */ = {isa = PBXFileReference; lastKnownFileType = sourcecode.swift; path = Constant.swift; sourceTree = "<group>"; };
		0DFEF9E022675BF60061167A /* nattoUITests.xctest */ = {isa = PBXFileReference; explicitFileType = wrapper.cfbundle; includeInIndex = 0; path = nattoUITests.xctest; sourceTree = BUILT_PRODUCTS_DIR; };
		0DFEF9E222675BF60061167A /* nattoUITests.swift */ = {isa = PBXFileReference; lastKnownFileType = sourcecode.swift; path = nattoUITests.swift; sourceTree = "<group>"; };
		0DFEF9E422675BF60061167A /* Info.plist */ = {isa = PBXFileReference; lastKnownFileType = text.plist.xml; path = Info.plist; sourceTree = "<group>"; };
		0DFEF9EE22675CF50061167A /* nattoTests.xctest */ = {isa = PBXFileReference; explicitFileType = wrapper.cfbundle; includeInIndex = 0; path = nattoTests.xctest; sourceTree = BUILT_PRODUCTS_DIR; };
		0DFEF9F022675CF50061167A /* nattoTests.swift */ = {isa = PBXFileReference; lastKnownFileType = sourcecode.swift; path = nattoTests.swift; sourceTree = "<group>"; };
		0DFEF9F222675CF50061167A /* Info.plist */ = {isa = PBXFileReference; lastKnownFileType = text.plist.xml; path = Info.plist; sourceTree = "<group>"; };
		4343CEA320537F20002CA3BC /* natto_bgm_game.wav */ = {isa = PBXFileReference; lastKnownFileType = audio.wav; path = natto_bgm_game.wav; sourceTree = "<group>"; };
		4343CEA52053804C002CA3BC /* voice_5.wav */ = {isa = PBXFileReference; lastKnownFileType = audio.wav; path = voice_5.wav; sourceTree = "<group>"; };
		4343CEA8205381DE002CA3BC /* Social.framework */ = {isa = PBXFileReference; lastKnownFileType = wrapper.framework; name = Social.framework; path = System/Library/Frameworks/Social.framework; sourceTree = SDKROOT; };
		4343CEAC205386F3002CA3BC /* natto_bgm_score.wav */ = {isa = PBXFileReference; lastKnownFileType = audio.wav; path = natto_bgm_score.wav; sourceTree = "<group>"; };
		4343CEB02053AB86002CA3BC /* paku.wav */ = {isa = PBXFileReference; lastKnownFileType = audio.wav; path = paku.wav; sourceTree = "<group>"; };
		43704C902052E1D900F87562 /* PullNattoScene.swift */ = {isa = PBXFileReference; lastKnownFileType = sourcecode.swift; path = PullNattoScene.swift; sourceTree = "<group>"; };
		43704C94205304BF00F87562 /* mame.mp3 */ = {isa = PBXFileReference; lastKnownFileType = audio.mp3; path = mame.mp3; sourceTree = "<group>"; };
		439948A3205315480028E85F /* ResultScene.swift */ = {isa = PBXFileReference; lastKnownFileType = sourcecode.swift; path = ResultScene.swift; sourceTree = "<group>"; };
		43D95F1C2052723B00FE1117 /* natto.app */ = {isa = PBXFileReference; explicitFileType = wrapper.application; includeInIndex = 0; path = natto.app; sourceTree = BUILT_PRODUCTS_DIR; };
		43D95F1F2052723B00FE1117 /* AppDelegate.swift */ = {isa = PBXFileReference; lastKnownFileType = sourcecode.swift; path = AppDelegate.swift; sourceTree = "<group>"; };
		43D95F252052723B00FE1117 /* TitleScene.swift */ = {isa = PBXFileReference; lastKnownFileType = sourcecode.swift; path = TitleScene.swift; sourceTree = "<group>"; };
		43D95F2A2052723B00FE1117 /* Base */ = {isa = PBXFileReference; lastKnownFileType = file.storyboard; name = Base; path = Base.lproj/Main.storyboard; sourceTree = "<group>"; };
		43D95F2C2052723B00FE1117 /* Assets.xcassets */ = {isa = PBXFileReference; lastKnownFileType = folder.assetcatalog; path = Assets.xcassets; sourceTree = "<group>"; };
		43D95F2F2052723B00FE1117 /* Base */ = {isa = PBXFileReference; lastKnownFileType = file.storyboard; name = Base; path = Base.lproj/LaunchScreen.storyboard; sourceTree = "<group>"; };
		43D95F312052723B00FE1117 /* Info.plist */ = {isa = PBXFileReference; lastKnownFileType = text.plist.xml; path = Info.plist; sourceTree = "<group>"; };
		F31970AE223FF9C50045A391 /* MixPresenter.swift */ = {isa = PBXFileReference; lastKnownFileType = sourcecode.swift; path = MixPresenter.swift; sourceTree = "<group>"; };
		F31970B0223FFA2A0045A391 /* MixModel.swift */ = {isa = PBXFileReference; lastKnownFileType = sourcecode.swift; path = MixModel.swift; sourceTree = "<group>"; };
		F346A9C32268E6E800A051FC /* SKStoreReviewController+Addition.swift */ = {isa = PBXFileReference; lastKnownFileType = sourcecode.swift; path = "SKStoreReviewController+Addition.swift"; sourceTree = "<group>"; };
		F346A9C7226A3E9D00A051FC /* CGMutablePath+Addition.swift */ = {isa = PBXFileReference; lastKnownFileType = sourcecode.swift; path = "CGMutablePath+Addition.swift"; sourceTree = "<group>"; };
		F346A9C9226A403E00A051FC /* SKShapeNode+Addition.swift */ = {isa = PBXFileReference; lastKnownFileType = sourcecode.swift; path = "SKShapeNode+Addition.swift"; sourceTree = "<group>"; };
		F39D9423225A411400FD6401 /* SKPhysicsBody+Addition.swift */ = {isa = PBXFileReference; lastKnownFileType = sourcecode.swift; path = "SKPhysicsBody+Addition.swift"; sourceTree = "<group>"; };
		F3C462D7205399CC005725C3 /* voice_5_pitchup.wav */ = {isa = PBXFileReference; lastKnownFileType = audio.wav; path = voice_5_pitchup.wav; sourceTree = "<group>"; };
/* End PBXFileReference section */

/* Begin PBXFrameworksBuildPhase section */
		0DFEF9DD22675BF60061167A /* Frameworks */ = {
			isa = PBXFrameworksBuildPhase;
			buildActionMask = 2147483647;
			files = (
			);
			runOnlyForDeploymentPostprocessing = 0;
		};
		0DFEF9EB22675CF50061167A /* Frameworks */ = {
			isa = PBXFrameworksBuildPhase;
			buildActionMask = 2147483647;
			files = (
			);
			runOnlyForDeploymentPostprocessing = 0;
		};
		43D95F192052723B00FE1117 /* Frameworks */ = {
			isa = PBXFrameworksBuildPhase;
			buildActionMask = 2147483647;
			files = (
				4343CEA9205381DE002CA3BC /* Social.framework in Frameworks */,
			);
			runOnlyForDeploymentPostprocessing = 0;
		};
/* End PBXFrameworksBuildPhase section */

/* Begin PBXGroup section */
		0D815D0722617A2A00B6642E /* Description */ = {
			isa = PBXGroup;
			children = (
				0D815D0822617A3C00B6642E /* DescriptionViewController.swift */,
				0D815D0922617A3C00B6642E /* DescriptionViewController.xib */,
				0D815D0E2261E3B100B6642E /* Closebutton.swift */,
				0D815D102261E42D00B6642E /* CloseButton.xib */,
			);
			path = Description;
			sourceTree = "<group>";
		};
		0DD326B82253A2D700FBE6A1 /* Extension */ = {
			isa = PBXGroup;
			children = (
				0DD326B622539E8600FBE6A1 /* SKSpriteNode+Addition.swift */,
				0DCE81A62253BBB1002FAE96 /* SKLabelNode+Addition.swift */,
				0DCE81AA2254DEA1002FAE96 /* SLComposeViewController+Addition.swift */,
				F39D9423225A411400FD6401 /* SKPhysicsBody+Addition.swift */,
				F346A9C32268E6E800A051FC /* SKStoreReviewController+Addition.swift */,
				F346A9C7226A3E9D00A051FC /* CGMutablePath+Addition.swift */,
				F346A9C9226A403E00A051FC /* SKShapeNode+Addition.swift */,
				0DFD69692276F2BB000DBD93 /* SKScene+Addition.swift */,
				054E493422D2DD680062736D /* UIApplication+Addition.swift */,
				054E493622D2DF4F0062736D /* UIViewController+Addition.swift */,
			);
			path = Extension;
			sourceTree = "<group>";
		};
		0DE54C64225F946000006ED4 /* Title */ = {
			isa = PBXGroup;
			children = (
				43D95F252052723B00FE1117 /* TitleScene.swift */,
			);
			path = Title;
			sourceTree = "<group>";
		};
		0DE54C65225F948D00006ED4 /* Scene */ = {
			isa = PBXGroup;
			children = (
				0D815D0722617A2A00B6642E /* Description */,
				0DE54C64225F946000006ED4 /* Title */,
				F31970AD223FF9100045A391 /* Mix */,
				0DF70CFD223E76AF007105D8 /* PullNatto */,
				0DF70CF2223E68AD007105D8 /* Result */,
			);
			path = Scene;
			sourceTree = "<group>";
		};
		0DF70CF1223E64BA007105D8 /* Sound */ = {
			isa = PBXGroup;
			children = (
				43704C94205304BF00F87562 /* mame.mp3 */,
				4343CEA52053804C002CA3BC /* voice_5.wav */,
				4343CEA320537F20002CA3BC /* natto_bgm_game.wav */,
				4343CEAC205386F3002CA3BC /* natto_bgm_score.wav */,
				4343CEB02053AB86002CA3BC /* paku.wav */,
				F3C462D7205399CC005725C3 /* voice_5_pitchup.wav */,
			);
			path = Sound;
			sourceTree = "<group>";
		};
		0DF70CF2223E68AD007105D8 /* Result */ = {
			isa = PBXGroup;
			children = (
				439948A3205315480028E85F /* ResultScene.swift */,
				0DF70CF3223E6930007105D8 /* ResultPresenter.swift */,
				0DF70CF7223E6D98007105D8 /* ResultModel.swift */,
			);
			path = Result;
			sourceTree = "<group>";
		};
		0DF70CFD223E76AF007105D8 /* PullNatto */ = {
			isa = PBXGroup;
			children = (
				43704C902052E1D900F87562 /* PullNattoScene.swift */,
				0DF70CFB223E7681007105D8 /* PullNattoPresenter.swift */,
				0DF70CFE223E7708007105D8 /* PullNattoModel.swift */,
			);
			path = PullNatto;
			sourceTree = "<group>";
		};
		0DFEF9BF22623BA50061167A /* Entity */ = {
			isa = PBXGroup;
			children = (
				0DFEF9C022623BF50061167A /* ObjectPosition.swift */,
				0D081FC32286DB5D00B74D86 /* ObjectSize.swift */,
			);
			name = Entity;
			path = Extension/Entity;
			sourceTree = "<group>";
		};
		0DFEF9C9226361F10061167A /* Common */ = {
			isa = PBXGroup;
			children = (
				0DFEF9CA226362090061167A /* Constant.swift */,
				054E493222D2D9C00062736D /* AppVersionCompare.swift */,
			);
			path = Common;
			sourceTree = "<group>";
		};
		0DFEF9E122675BF60061167A /* nattoUITests */ = {
			isa = PBXGroup;
			children = (
				0DFEF9E222675BF60061167A /* nattoUITests.swift */,
				0DFEF9E422675BF60061167A /* Info.plist */,
			);
			path = nattoUITests;
			sourceTree = "<group>";
		};
		0DFEF9EF22675CF50061167A /* nattoTests */ = {
			isa = PBXGroup;
			children = (
				0DFEF9F022675CF50061167A /* nattoTests.swift */,
				0DFEF9F222675CF50061167A /* Info.plist */,
			);
			path = nattoTests;
			sourceTree = "<group>";
		};
		4343CEA7205381DD002CA3BC /* Frameworks */ = {
			isa = PBXGroup;
			children = (
				0D048FD0227814D400852FFA /* FBSDKCoreKit.framework */,
				0D048FCE2278144700852FFA /* Bolts.framework */,
				0D048FCB22780E1100852FFA /* FacebookShare.framework */,
				0D048FC922780DFA00852FFA /* FacebookLogin.framework */,
				0D048FC722780DC400852FFA /* FacebookCore.framework */,
				0D048FC522780D9300852FFA /* TwitterKit.framework */,
				4343CEA8205381DE002CA3BC /* Social.framework */,
			);
			name = Frameworks;
			sourceTree = "<group>";
		};
		43D95F132052723B00FE1117 = {
			isa = PBXGroup;
			children = (
				43D95F1E2052723B00FE1117 /* natto */,
				0DFEF9EF22675CF50061167A /* nattoTests */,
				0DFEF9E122675BF60061167A /* nattoUITests */,
				43D95F1D2052723B00FE1117 /* Products */,
				4343CEA7205381DD002CA3BC /* Frameworks */,
			);
			sourceTree = "<group>";
		};
		43D95F1D2052723B00FE1117 /* Products */ = {
			isa = PBXGroup;
			children = (
				43D95F1C2052723B00FE1117 /* natto.app */,
				0DFEF9E022675BF60061167A /* nattoUITests.xctest */,
				0DFEF9EE22675CF50061167A /* nattoTests.xctest */,
			);
			name = Products;
			sourceTree = "<group>";
		};
		43D95F1E2052723B00FE1117 /* natto */ = {
			isa = PBXGroup;
			children = (
				0DF70CF1223E64BA007105D8 /* Sound */,
				0DFEF9C9226361F10061167A /* Common */,
				0DFEF9BF22623BA50061167A /* Entity */,
				0DD326B82253A2D700FBE6A1 /* Extension */,
				0DE54C65225F948D00006ED4 /* Scene */,
				0DE54C5F225F8F2C00006ED4 /* NattoViewController.swift */,
				43D95F1F2052723B00FE1117 /* AppDelegate.swift */,
				43D95F292052723B00FE1117 /* Main.storyboard */,
				43D95F2C2052723B00FE1117 /* Assets.xcassets */,
				43D95F2E2052723B00FE1117 /* LaunchScreen.storyboard */,
				43D95F312052723B00FE1117 /* Info.plist */,
				0D048FC32277FCE500852FFA /* Settings.bundle */,
			);
			path = natto;
			sourceTree = "<group>";
		};
		F31970AD223FF9100045A391 /* Mix */ = {
			isa = PBXGroup;
			children = (
				0DF70D3B22426268007105D8 /* MixScene.swift */,
				F31970AE223FF9C50045A391 /* MixPresenter.swift */,
				F31970B0223FFA2A0045A391 /* MixModel.swift */,
			);
			path = Mix;
			sourceTree = "<group>";
		};
/* End PBXGroup section */

/* Begin PBXNativeTarget section */
		0DFEF9DF22675BF60061167A /* nattoUITests */ = {
			isa = PBXNativeTarget;
			buildConfigurationList = 0DFEF9E922675BF60061167A /* Build configuration list for PBXNativeTarget "nattoUITests" */;
			buildPhases = (
				0DFEF9DC22675BF60061167A /* Sources */,
				0DFEF9DD22675BF60061167A /* Frameworks */,
				0DFEF9DE22675BF60061167A /* Resources */,
			);
			buildRules = (
			);
			dependencies = (
				0DFEF9E622675BF60061167A /* PBXTargetDependency */,
			);
			name = nattoUITests;
			productName = nattoUITests;
			productReference = 0DFEF9E022675BF60061167A /* nattoUITests.xctest */;
			productType = "com.apple.product-type.bundle.ui-testing";
		};
		0DFEF9ED22675CF50061167A /* nattoTests */ = {
			isa = PBXNativeTarget;
			buildConfigurationList = 0DFEF9F522675CF50061167A /* Build configuration list for PBXNativeTarget "nattoTests" */;
			buildPhases = (
				0DFEF9EA22675CF50061167A /* Sources */,
				0DFEF9EB22675CF50061167A /* Frameworks */,
				0DFEF9EC22675CF50061167A /* Resources */,
			);
			buildRules = (
			);
			dependencies = (
				0DFEF9F422675CF50061167A /* PBXTargetDependency */,
			);
			name = nattoTests;
			productName = nattoTests;
			productReference = 0DFEF9EE22675CF50061167A /* nattoTests.xctest */;
			productType = "com.apple.product-type.bundle.unit-test";
		};
		43D95F1B2052723B00FE1117 /* natto */ = {
			isa = PBXNativeTarget;
			buildConfigurationList = 43D95F342052723B00FE1117 /* Build configuration list for PBXNativeTarget "natto" */;
			buildPhases = (
				43D95F182052723B00FE1117 /* Sources */,
				43D95F192052723B00FE1117 /* Frameworks */,
				43D95F1A2052723B00FE1117 /* Resources */,
				0D048FCD22780E4B00852FFA /* Run Script */,
			);
			buildRules = (
			);
			dependencies = (
			);
			name = natto;
			productName = natto;
			productReference = 43D95F1C2052723B00FE1117 /* natto.app */;
			productType = "com.apple.product-type.application";
		};
/* End PBXNativeTarget section */

/* Begin PBXProject section */
		43D95F142052723B00FE1117 /* Project object */ = {
			isa = PBXProject;
			attributes = {
				LastSwiftUpdateCheck = 1020;
				LastUpgradeCheck = 1010;
				ORGANIZATIONNAME = "佐川　晴海";
				TargetAttributes = {
					0DFEF9DF22675BF60061167A = {
						CreatedOnToolsVersion = 10.2;
						ProvisioningStyle = Automatic;
						TestTargetID = 43D95F1B2052723B00FE1117;
					};
					0DFEF9ED22675CF50061167A = {
						CreatedOnToolsVersion = 10.2;
						ProvisioningStyle = Automatic;
						TestTargetID = 43D95F1B2052723B00FE1117;
					};
					43D95F1B2052723B00FE1117 = {
						CreatedOnToolsVersion = 9.2;
						LastSwiftMigration = 1020;
						ProvisioningStyle = Automatic;
					};
				};
			};
			buildConfigurationList = 43D95F172052723B00FE1117 /* Build configuration list for PBXProject "natto" */;
			compatibilityVersion = "Xcode 8.0";
			developmentRegion = en;
			hasScannedForEncodings = 0;
			knownRegions = (
				en,
				Base,
			);
			mainGroup = 43D95F132052723B00FE1117;
			productRefGroup = 43D95F1D2052723B00FE1117 /* Products */;
			projectDirPath = "";
			projectRoot = "";
			targets = (
				43D95F1B2052723B00FE1117 /* natto */,
				0DFEF9DF22675BF60061167A /* nattoUITests */,
				0DFEF9ED22675CF50061167A /* nattoTests */,
			);
		};
/* End PBXProject section */

/* Begin PBXResourcesBuildPhase section */
		0DFEF9DE22675BF60061167A /* Resources */ = {
			isa = PBXResourcesBuildPhase;
			buildActionMask = 2147483647;
			files = (
			);
			runOnlyForDeploymentPostprocessing = 0;
		};
		0DFEF9EC22675CF50061167A /* Resources */ = {
			isa = PBXResourcesBuildPhase;
			buildActionMask = 2147483647;
			files = (
			);
			runOnlyForDeploymentPostprocessing = 0;
		};
		43D95F1A2052723B00FE1117 /* Resources */ = {
			isa = PBXResourcesBuildPhase;
			buildActionMask = 2147483647;
			files = (
				43D95F2B2052723B00FE1117 /* Main.storyboard in Resources */,
				43D95F2D2052723B00FE1117 /* Assets.xcassets in Resources */,
				4343CEB12053AB86002CA3BC /* paku.wav in Resources */,
				4343CEA420537F21002CA3BC /* natto_bgm_game.wav in Resources */,
				0D048FC42277FCE500852FFA /* Settings.bundle in Resources */,
				4343CEA62053804C002CA3BC /* voice_5.wav in Resources */,
				43D95F302052723B00FE1117 /* LaunchScreen.storyboard in Resources */,
				0D815D112261E42D00B6642E /* CloseButton.xib in Resources */,
				43704C95205304BF00F87562 /* mame.mp3 in Resources */,
				F3C462D8205399CC005725C3 /* voice_5_pitchup.wav in Resources */,
				4343CEAD205386F3002CA3BC /* natto_bgm_score.wav in Resources */,
				0D815D0B22617A3C00B6642E /* DescriptionViewController.xib in Resources */,
			);
			runOnlyForDeploymentPostprocessing = 0;
		};
/* End PBXResourcesBuildPhase section */

/* Begin PBXShellScriptBuildPhase section */
		0D048FCD22780E4B00852FFA /* Run Script */ = {
			isa = PBXShellScriptBuildPhase;
			buildActionMask = 2147483647;
			files = (
			);
			inputFileListPaths = (
			);
			inputPaths = (
				"",
			);
			name = "Run Script";
			outputFileListPaths = (
			);
			outputPaths = (
			);
			runOnlyForDeploymentPostprocessing = 0;
			shellPath = /bin/sh;
			shellScript = "
";
		};
/* End PBXShellScriptBuildPhase section */

/* Begin PBXSourcesBuildPhase section */
		0DFEF9DC22675BF60061167A /* Sources */ = {
			isa = PBXSourcesBuildPhase;
			buildActionMask = 2147483647;
			files = (
				0DFEF9E322675BF60061167A /* nattoUITests.swift in Sources */,
			);
			runOnlyForDeploymentPostprocessing = 0;
		};
		0DFEF9EA22675CF50061167A /* Sources */ = {
			isa = PBXSourcesBuildPhase;
			buildActionMask = 2147483647;
			files = (
				0DFEF9F122675CF50061167A /* nattoTests.swift in Sources */,
			);
			runOnlyForDeploymentPostprocessing = 0;
		};
		43D95F182052723B00FE1117 /* Sources */ = {
			isa = PBXSourcesBuildPhase;
			buildActionMask = 2147483647;
			files = (
				0DCE81AB2254DEA1002FAE96 /* SLComposeViewController+Addition.swift in Sources */,
				0D815D0A22617A3C00B6642E /* DescriptionViewController.swift in Sources */,
				0DF70CFF223E7708007105D8 /* PullNattoModel.swift in Sources */,
				F346A9C8226A3E9D00A051FC /* CGMutablePath+Addition.swift in Sources */,
				F346A9CA226A403E00A051FC /* SKShapeNode+Addition.swift in Sources */,
				F346A9C42268E6E800A051FC /* SKStoreReviewController+Addition.swift in Sources */,
				43704C912052E1D900F87562 /* PullNattoScene.swift in Sources */,
				43D95F262052723B00FE1117 /* TitleScene.swift in Sources */,
				0DD326B722539E8600FBE6A1 /* SKSpriteNode+Addition.swift in Sources */,
				0D081FC42286DB5D00B74D86 /* ObjectSize.swift in Sources */,
				054E493722D2DF4F0062736D /* UIViewController+Addition.swift in Sources */,
				054E493322D2D9C00062736D /* AppVersionCompare.swift in Sources */,
				0D815D0F2261E3B100B6642E /* Closebutton.swift in Sources */,
				439948A4205315480028E85F /* ResultScene.swift in Sources */,
				0DFEF9CB226362090061167A /* Constant.swift in Sources */,
				43D95F202052723B00FE1117 /* AppDelegate.swift in Sources */,
				0DFEF9C122623BF50061167A /* ObjectPosition.swift in Sources */,
				0DF70CF8223E6D98007105D8 /* ResultModel.swift in Sources */,
				0DCE81A72253BBB1002FAE96 /* SKLabelNode+Addition.swift in Sources */,
				0DF70CFC223E7681007105D8 /* PullNattoPresenter.swift in Sources */,
				054E493522D2DD680062736D /* UIApplication+Addition.swift in Sources */,
				0DE54C61225F8F2C00006ED4 /* NattoViewController.swift in Sources */,
				F31970AF223FF9C50045A391 /* MixPresenter.swift in Sources */,
				0DF70D3C22426268007105D8 /* MixScene.swift in Sources */,
				0DFD696A2276F2BB000DBD93 /* SKScene+Addition.swift in Sources */,
				F39D9424225A411400FD6401 /* SKPhysicsBody+Addition.swift in Sources */,
				0DF70CF4223E6930007105D8 /* ResultPresenter.swift in Sources */,
				F31970B1223FFA2A0045A391 /* MixModel.swift in Sources */,
			);
			runOnlyForDeploymentPostprocessing = 0;
		};
/* End PBXSourcesBuildPhase section */

/* Begin PBXTargetDependency section */
		0DFEF9E622675BF60061167A /* PBXTargetDependency */ = {
			isa = PBXTargetDependency;
			target = 43D95F1B2052723B00FE1117 /* natto */;
			targetProxy = 0DFEF9E522675BF60061167A /* PBXContainerItemProxy */;
		};
		0DFEF9F422675CF50061167A /* PBXTargetDependency */ = {
			isa = PBXTargetDependency;
			target = 43D95F1B2052723B00FE1117 /* natto */;
			targetProxy = 0DFEF9F322675CF50061167A /* PBXContainerItemProxy */;
		};
/* End PBXTargetDependency section */

/* Begin PBXVariantGroup section */
		43D95F292052723B00FE1117 /* Main.storyboard */ = {
			isa = PBXVariantGroup;
			children = (
				43D95F2A2052723B00FE1117 /* Base */,
			);
			name = Main.storyboard;
			sourceTree = "<group>";
		};
		43D95F2E2052723B00FE1117 /* LaunchScreen.storyboard */ = {
			isa = PBXVariantGroup;
			children = (
				43D95F2F2052723B00FE1117 /* Base */,
			);
			name = LaunchScreen.storyboard;
			sourceTree = "<group>";
		};
/* End PBXVariantGroup section */

/* Begin XCBuildConfiguration section */
		0DFEF9E722675BF60061167A /* Debug */ = {
			isa = XCBuildConfiguration;
			buildSettings = {
				CLANG_ENABLE_OBJC_WEAK = YES;
				CODE_SIGN_STYLE = Automatic;
				DEVELOPMENT_TEAM = 24BSY9Z4H5;
				INFOPLIST_FILE = nattoUITests/Info.plist;
				IPHONEOS_DEPLOYMENT_TARGET = 12.2;
				LD_RUNPATH_SEARCH_PATHS = "$(inherited) @executable_path/Frameworks @loader_path/Frameworks";
				MTL_ENABLE_DEBUG_INFO = INCLUDE_SOURCE;
				MTL_FAST_MATH = YES;
				PRODUCT_BUNDLE_IDENTIFIER = harumidiv.masala.nattoUITests;
				PRODUCT_NAME = "$(TARGET_NAME)";
				SWIFT_VERSION = 5.0;
				TARGETED_DEVICE_FAMILY = "1,2";
				TEST_TARGET_NAME = natto;
			};
			name = Debug;
		};
		0DFEF9E822675BF60061167A /* Release */ = {
			isa = XCBuildConfiguration;
			buildSettings = {
				CLANG_ENABLE_OBJC_WEAK = YES;
				CODE_SIGN_STYLE = Automatic;
				DEVELOPMENT_TEAM = 24BSY9Z4H5;
				INFOPLIST_FILE = nattoUITests/Info.plist;
				IPHONEOS_DEPLOYMENT_TARGET = 12.2;
				LD_RUNPATH_SEARCH_PATHS = "$(inherited) @executable_path/Frameworks @loader_path/Frameworks";
				MTL_FAST_MATH = YES;
				PRODUCT_BUNDLE_IDENTIFIER = harumidiv.masala.nattoUITests;
				PRODUCT_NAME = "$(TARGET_NAME)";
				SWIFT_VERSION = 5.0;
				TARGETED_DEVICE_FAMILY = "1,2";
				TEST_TARGET_NAME = natto;
			};
			name = Release;
		};
		0DFEF9F622675CF50061167A /* Debug */ = {
			isa = XCBuildConfiguration;
			buildSettings = {
				BUNDLE_LOADER = "$(TEST_HOST)";
				CLANG_ENABLE_OBJC_WEAK = YES;
				CODE_SIGN_STYLE = Automatic;
				DEVELOPMENT_TEAM = 24BSY9Z4H5;
				INFOPLIST_FILE = nattoTests/Info.plist;
				IPHONEOS_DEPLOYMENT_TARGET = 12.2;
				LD_RUNPATH_SEARCH_PATHS = "$(inherited) @executable_path/Frameworks @loader_path/Frameworks";
				MTL_ENABLE_DEBUG_INFO = INCLUDE_SOURCE;
				MTL_FAST_MATH = YES;
				PRODUCT_BUNDLE_IDENTIFIER = harumidiv.masala.nattoTests;
				PRODUCT_NAME = "$(TARGET_NAME)";
				SWIFT_VERSION = 5.0;
				TARGETED_DEVICE_FAMILY = "1,2";
				TEST_HOST = "$(BUILT_PRODUCTS_DIR)/natto.app/natto";
			};
			name = Debug;
		};
		0DFEF9F722675CF50061167A /* Release */ = {
			isa = XCBuildConfiguration;
			buildSettings = {
				BUNDLE_LOADER = "$(TEST_HOST)";
				CLANG_ENABLE_OBJC_WEAK = YES;
				CODE_SIGN_STYLE = Automatic;
				DEVELOPMENT_TEAM = 24BSY9Z4H5;
				INFOPLIST_FILE = nattoTests/Info.plist;
				IPHONEOS_DEPLOYMENT_TARGET = 12.2;
				LD_RUNPATH_SEARCH_PATHS = "$(inherited) @executable_path/Frameworks @loader_path/Frameworks";
				MTL_FAST_MATH = YES;
				PRODUCT_BUNDLE_IDENTIFIER = harumidiv.masala.nattoTests;
				PRODUCT_NAME = "$(TARGET_NAME)";
				SWIFT_VERSION = 5.0;
				TARGETED_DEVICE_FAMILY = "1,2";
				TEST_HOST = "$(BUILT_PRODUCTS_DIR)/natto.app/natto";
			};
			name = Release;
		};
		43D95F322052723B00FE1117 /* Debug */ = {
			isa = XCBuildConfiguration;
			buildSettings = {
				ALWAYS_SEARCH_USER_PATHS = NO;
				CLANG_ANALYZER_NONNULL = YES;
				CLANG_ANALYZER_NUMBER_OBJECT_CONVERSION = YES_AGGRESSIVE;
				CLANG_CXX_LANGUAGE_STANDARD = "gnu++14";
				CLANG_CXX_LIBRARY = "libc++";
				CLANG_ENABLE_MODULES = YES;
				CLANG_ENABLE_OBJC_ARC = YES;
				CLANG_WARN_BLOCK_CAPTURE_AUTORELEASING = YES;
				CLANG_WARN_BOOL_CONVERSION = YES;
				CLANG_WARN_COMMA = YES;
				CLANG_WARN_CONSTANT_CONVERSION = YES;
				CLANG_WARN_DEPRECATED_OBJC_IMPLEMENTATIONS = YES;
				CLANG_WARN_DIRECT_OBJC_ISA_USAGE = YES_ERROR;
				CLANG_WARN_DOCUMENTATION_COMMENTS = YES;
				CLANG_WARN_EMPTY_BODY = YES;
				CLANG_WARN_ENUM_CONVERSION = YES;
				CLANG_WARN_INFINITE_RECURSION = YES;
				CLANG_WARN_INT_CONVERSION = YES;
				CLANG_WARN_NON_LITERAL_NULL_CONVERSION = YES;
				CLANG_WARN_OBJC_IMPLICIT_RETAIN_SELF = YES;
				CLANG_WARN_OBJC_LITERAL_CONVERSION = YES;
				CLANG_WARN_OBJC_ROOT_CLASS = YES_ERROR;
				CLANG_WARN_RANGE_LOOP_ANALYSIS = YES;
				CLANG_WARN_STRICT_PROTOTYPES = YES;
				CLANG_WARN_SUSPICIOUS_MOVE = YES;
				CLANG_WARN_UNGUARDED_AVAILABILITY = YES_AGGRESSIVE;
				CLANG_WARN_UNREACHABLE_CODE = YES;
				CLANG_WARN__DUPLICATE_METHOD_MATCH = YES;
				CODE_SIGN_IDENTITY = "iPhone Developer";
				COPY_PHASE_STRIP = NO;
				DEBUG_INFORMATION_FORMAT = dwarf;
				ENABLE_STRICT_OBJC_MSGSEND = YES;
				ENABLE_TESTABILITY = YES;
				GCC_C_LANGUAGE_STANDARD = gnu11;
				GCC_DYNAMIC_NO_PIC = NO;
				GCC_NO_COMMON_BLOCKS = YES;
				GCC_OPTIMIZATION_LEVEL = 0;
				GCC_PREPROCESSOR_DEFINITIONS = (
					"DEBUG=1",
					"$(inherited)",
				);
				GCC_WARN_64_TO_32_BIT_CONVERSION = YES;
				GCC_WARN_ABOUT_RETURN_TYPE = YES_ERROR;
				GCC_WARN_UNDECLARED_SELECTOR = YES;
				GCC_WARN_UNINITIALIZED_AUTOS = YES_AGGRESSIVE;
				GCC_WARN_UNUSED_FUNCTION = YES;
				GCC_WARN_UNUSED_VARIABLE = YES;
				IPHONEOS_DEPLOYMENT_TARGET = 11.2;
				MTL_ENABLE_DEBUG_INFO = YES;
				ONLY_ACTIVE_ARCH = YES;
				SDKROOT = iphoneos;
				SWIFT_ACTIVE_COMPILATION_CONDITIONS = DEBUG;
				SWIFT_OPTIMIZATION_LEVEL = "-Onone";
			};
			name = Debug;
		};
		43D95F332052723B00FE1117 /* Release */ = {
			isa = XCBuildConfiguration;
			buildSettings = {
				ALWAYS_SEARCH_USER_PATHS = NO;
				CLANG_ANALYZER_NONNULL = YES;
				CLANG_ANALYZER_NUMBER_OBJECT_CONVERSION = YES_AGGRESSIVE;
				CLANG_CXX_LANGUAGE_STANDARD = "gnu++14";
				CLANG_CXX_LIBRARY = "libc++";
				CLANG_ENABLE_MODULES = YES;
				CLANG_ENABLE_OBJC_ARC = YES;
				CLANG_WARN_BLOCK_CAPTURE_AUTORELEASING = YES;
				CLANG_WARN_BOOL_CONVERSION = YES;
				CLANG_WARN_COMMA = YES;
				CLANG_WARN_CONSTANT_CONVERSION = YES;
				CLANG_WARN_DEPRECATED_OBJC_IMPLEMENTATIONS = YES;
				CLANG_WARN_DIRECT_OBJC_ISA_USAGE = YES_ERROR;
				CLANG_WARN_DOCUMENTATION_COMMENTS = YES;
				CLANG_WARN_EMPTY_BODY = YES;
				CLANG_WARN_ENUM_CONVERSION = YES;
				CLANG_WARN_INFINITE_RECURSION = YES;
				CLANG_WARN_INT_CONVERSION = YES;
				CLANG_WARN_NON_LITERAL_NULL_CONVERSION = YES;
				CLANG_WARN_OBJC_IMPLICIT_RETAIN_SELF = YES;
				CLANG_WARN_OBJC_LITERAL_CONVERSION = YES;
				CLANG_WARN_OBJC_ROOT_CLASS = YES_ERROR;
				CLANG_WARN_RANGE_LOOP_ANALYSIS = YES;
				CLANG_WARN_STRICT_PROTOTYPES = YES;
				CLANG_WARN_SUSPICIOUS_MOVE = YES;
				CLANG_WARN_UNGUARDED_AVAILABILITY = YES_AGGRESSIVE;
				CLANG_WARN_UNREACHABLE_CODE = YES;
				CLANG_WARN__DUPLICATE_METHOD_MATCH = YES;
				CODE_SIGN_IDENTITY = "iPhone Developer";
				COPY_PHASE_STRIP = NO;
				DEBUG_INFORMATION_FORMAT = "dwarf-with-dsym";
				ENABLE_NS_ASSERTIONS = NO;
				ENABLE_STRICT_OBJC_MSGSEND = YES;
				GCC_C_LANGUAGE_STANDARD = gnu11;
				GCC_NO_COMMON_BLOCKS = YES;
				GCC_WARN_64_TO_32_BIT_CONVERSION = YES;
				GCC_WARN_ABOUT_RETURN_TYPE = YES_ERROR;
				GCC_WARN_UNDECLARED_SELECTOR = YES;
				GCC_WARN_UNINITIALIZED_AUTOS = YES_AGGRESSIVE;
				GCC_WARN_UNUSED_FUNCTION = YES;
				GCC_WARN_UNUSED_VARIABLE = YES;
				IPHONEOS_DEPLOYMENT_TARGET = 11.2;
				MTL_ENABLE_DEBUG_INFO = NO;
				SDKROOT = iphoneos;
				SWIFT_OPTIMIZATION_LEVEL = "-Owholemodule";
				VALIDATE_PRODUCT = YES;
			};
			name = Release;
		};
		43D95F352052723B00FE1117 /* Debug */ = {
			isa = XCBuildConfiguration;
			buildSettings = {
				ASSETCATALOG_COMPILER_APPICON_NAME = AppIcon;
				CODE_SIGN_IDENTITY = "iPhone Developer";
				CODE_SIGN_STYLE = Automatic;
				DEVELOPMENT_TEAM = 24BSY9Z4H5;
				FRAMEWORK_SEARCH_PATHS = (
					"$(inherited)",
					"$(PROJECT_DIR)/Carthage/Build/iOS",
				);
				INFOPLIST_FILE = natto/Info.plist;
				IPHONEOS_DEPLOYMENT_TARGET = 11.0;
				LD_RUNPATH_SEARCH_PATHS = "$(inherited) @executable_path/Frameworks";
				PRODUCT_BUNDLE_IDENTIFIER = "inoueFood.oh-natto";
				PRODUCT_NAME = "$(TARGET_NAME)";
				PROVISIONING_PROFILE_SPECIFIER = "";
				SWIFT_VERSION = 5.0;
				TARGETED_DEVICE_FAMILY = "1,2";
			};
			name = Debug;
		};
		43D95F362052723B00FE1117 /* Release */ = {
			isa = XCBuildConfiguration;
			buildSettings = {
				ASSETCATALOG_COMPILER_APPICON_NAME = AppIcon;
				CODE_SIGN_IDENTITY = "iPhone Developer";
				CODE_SIGN_STYLE = Automatic;
				DEVELOPMENT_TEAM = 24BSY9Z4H5;
				FRAMEWORK_SEARCH_PATHS = (
					"$(inherited)",
					"$(PROJECT_DIR)/Carthage/Build/iOS",
				);
				INFOPLIST_FILE = natto/Info.plist;
				IPHONEOS_DEPLOYMENT_TARGET = 11.0;
				LD_RUNPATH_SEARCH_PATHS = "$(inherited) @executable_path/Frameworks";
				PRODUCT_BUNDLE_IDENTIFIER = "inoueFood.oh-natto";
				PRODUCT_NAME = "$(TARGET_NAME)";
				PROVISIONING_PROFILE_SPECIFIER = "";
				SWIFT_VERSION = 5.0;
				TARGETED_DEVICE_FAMILY = "1,2";
			};
			name = Release;
		};
/* End XCBuildConfiguration section */

/* Begin XCConfigurationList section */
		0DFEF9E922675BF60061167A /* Build configuration list for PBXNativeTarget "nattoUITests" */ = {
			isa = XCConfigurationList;
			buildConfigurations = (
				0DFEF9E722675BF60061167A /* Debug */,
				0DFEF9E822675BF60061167A /* Release */,
			);
			defaultConfigurationIsVisible = 0;
			defaultConfigurationName = Release;
		};
		0DFEF9F522675CF50061167A /* Build configuration list for PBXNativeTarget "nattoTests" */ = {
			isa = XCConfigurationList;
			buildConfigurations = (
				0DFEF9F622675CF50061167A /* Debug */,
				0DFEF9F722675CF50061167A /* Release */,
			);
			defaultConfigurationIsVisible = 0;
			defaultConfigurationName = Release;
		};
		43D95F172052723B00FE1117 /* Build configuration list for PBXProject "natto" */ = {
			isa = XCConfigurationList;
			buildConfigurations = (
				43D95F322052723B00FE1117 /* Debug */,
				43D95F332052723B00FE1117 /* Release */,
			);
			defaultConfigurationIsVisible = 0;
			defaultConfigurationName = Release;
		};
		43D95F342052723B00FE1117 /* Build configuration list for PBXNativeTarget "natto" */ = {
			isa = XCConfigurationList;
			buildConfigurations = (
				43D95F352052723B00FE1117 /* Debug */,
				43D95F362052723B00FE1117 /* Release */,
			);
			defaultConfigurationIsVisible = 0;
			defaultConfigurationName = Release;
		};
/* End XCConfigurationList section */
	};
	rootObject = 43D95F142052723B00FE1117 /* Project object */;
}
